
Microsoft Visual Studio Solution File, Format Version 12.00
# Visual Studio Version 16
VisualStudioVersion = 16.0.29230.47
MinimumVisualStudioVersion = 10.0.40219.1
Project("{9A19103F-16F7-4668-BE54-9A1E7A4F7556}") = "G9LogManagement", "G9LogManagement\G9LogManagement.csproj", "{7768BC84-32B9-4E96-8782-04C7364A308C}"
EndProject
Project("{9A19103F-16F7-4668-BE54-9A1E7A4F7556}") = "G9LogManagementNUnitTest", "G9LogManagementNUnitTest\G9LogManagementNUnitTest.csproj", "{4B6F6C6A-AAA6-475F-9DE4-05C1BC108F16}"
EndProject
Project("{FAE04EC0-301F-11D3-BF4B-00C04F79EFBC}") = "G9LogManagementTest", "G9LogManagementTest\G9LogManagementTest.csproj", "{DEB941A0-F122-4AFB-9E82-43456C96DA4A}"
EndProject
Global
	GlobalSection(SolutionConfigurationPlatforms) = preSolution
		Debug|Any CPU = Debug|Any CPU
		Release|Any CPU = Release|Any CPU
	EndGlobalSection
	GlobalSection(ProjectConfigurationPlatforms) = postSolution
		{7768BC84-32B9-4E96-8782-04C7364A308C}.Debug|Any CPU.ActiveCfg = Debug|Any CPU
		{7768BC84-32B9-4E96-8782-04C7364A308C}.Debug|Any CPU.Build.0 = Debug|Any CPU
		{7768BC84-32B9-4E96-8782-04C7364A308C}.Release|Any CPU.ActiveCfg = Release|Any CPU
		{7768BC84-32B9-4E96-8782-04C7364A308C}.Release|Any CPU.Build.0 = Release|Any CPU
		{4B6F6C6A-AAA6-475F-9DE4-05C1BC108F16}.Debug|Any CPU.ActiveCfg = Debug|Any CPU
		{4B6F6C6A-AAA6-475F-9DE4-05C1BC108F16}.Debug|Any CPU.Build.0 = Debug|Any CPU
		{4B6F6C6A-AAA6-475F-9DE4-05C1BC108F16}.Release|Any CPU.ActiveCfg = Release|Any CPU
		{4B6F6C6A-AAA6-475F-9DE4-05C1BC108F16}.Release|Any CPU.Build.0 = Release|Any CPU
		{DEB941A0-F122-4AFB-9E82-43456C96DA4A}.Debug|Any CPU.ActiveCfg = Debug|Any CPU
		{DEB941A0-F122-4AFB-9E82-43456C96DA4A}.Debug|Any CPU.Build.0 = Debug|Any CPU
		{DEB941A0-F122-4AFB-9E82-43456C96DA4A}.Release|Any CPU.ActiveCfg = Release|Any CPU
		{DEB941A0-F122-4AFB-9E82-43456C96DA4A}.Release|Any CPU.Build.0 = Release|Any CPU
	EndGlobalSection
	GlobalSection(SolutionProperties) = preSolution
		HideSolutionNode = FALSE
	EndGlobalSection
	GlobalSection(ExtensibilityGlobals) = postSolution
		SolutionGuid = {90FFB6B6-2C67-4E81-982E-20FA219FC700}
	EndGlobalSection
EndGlobal
